proj_file_hash = "6bc4f56815a657705af3e3caff9e4223"

[[dependencies]]
name = "minilib-json"
version = "0.5.1"
path = ".fixlang/deps/minilib-json_0.5.1"

[dependencies.git]
repo = "https://github.com/pt9999/fixlang-minilib-json.git"
rev = "a8c4a91187b68e1b5485a0a71d039e3c7c9cda7d"

[[dependencies]]
name = "minilib-binary"
version = "0.5.1"
path = ".fixlang/deps/minilib-binary_0.5.1"

[dependencies.git]
repo = "https://github.com/pt9999/fixlang-minilib-binary.git"
rev = "d920c72f6db5f2cc1fe3f78c29ca6d9152c887f7"

[[dependencies]]
name = "minilib-common"
version = "0.6.1"
path = ".fixlang/deps/minilib-common_0.6.1"

[dependencies.git]
repo = "https://github.com/pt9999/fixlang-minilib-common.git"
rev = "e1bb3f196a44834af8fced954e686e7f64ec1b59"

[[dependencies]]
name = "character"
version = "1.0.1"
path = ".fixlang/deps/character_1.0.1"

[dependencies.git]
repo = "https://github.com/tttmmmyyyy/fixlang-character.git"
rev = "fd75a6634ec0c919f2d1703112d25da9a3c2346e"

[[dependencies]]
name = "time"
version = "1.0.1"
path = ".fixlang/deps/time_1.0.1"

[dependencies.git]
repo = "https://github.com/tttmmmyyyy/fixlang-time.git"
rev = "53b35d9adc0de54ad87fe6b06c4baa6afa38a2b4"

[[dependencies]]
name = "minilib-text"
version = "0.5.2"
path = ".fixlang/deps/minilib-text_0.5.2"

[dependencies.git]
repo = "https://github.com/pt9999/fixlang-minilib-text.git"
rev = "cd510cb3c4be3e3cc7d7e405649aabe4d8aed2a2"

[[dependencies]]
name = "minilib-collection"
version = "0.5.1"
path = ".fixlang/deps/minilib-collection_0.5.1"

[dependencies.git]
repo = "https://github.com/pt9999/fixlang-minilib-collection.git"
rev = "84dae9ea01f9c67107cf8c7f1d67be1afeb69881"

[[dependencies]]
name = "hashmap"
version = "1.1.2"
path = ".fixlang/deps/hashmap_1.1.2"

[dependencies.git]
repo = "https://github.com/tttmmmyyyy/fixlang-hashmap.git"
rev = "33da33ecb5d95d45c29feaeee5dea454fecc89b9"

[[dependencies]]
name = "hash"
version = "1.1.0"
path = ".fixlang/deps/hash_1.1.0"

[dependencies.git]
repo = "https://github.com/tttmmmyyyy/fixlang-hash.git"
rev = "40d5d04e9b5f5a11c46151d00a98acb6dfdb4e48"

[[dependencies]]
name = "random"
version = "1.1.1"
path = ".fixlang/deps/random_1.1.1"

[dependencies.git]
repo = "https://github.com/tttmmmyyyy/fixlang-random.git"
rev = "b4f83ee48564e714c0918513dd431f9135493dce"

[[dependencies]]
name = "ez-scripting"
version = "0.1.0"
path = ".fixlang/deps/ez-scripting_0.1.0"

[dependencies.git]
repo = "https://github.com/tttmmmyyyy/ez_scripting.git"
rev = "1c2e7be5b8d5a97ff475456a0596736bacb6e9e9"

[[dependencies]]
name = "subprocess"
version = "1.0.5"
path = ".fixlang/deps/subprocess_1.0.5"

[dependencies.git]
repo = "https://github.com/tttmmmyyyy/fixlang-subprocess.git"
rev = "61244ff47c586f0a39d325b5e9948c98203e8dd0"
